// !$*UTF8*$!
{
	archiveVersion = 1;
	classes = {
	};
	objectVersion = 46;
	objects = {

/* Begin PBXBuildFile section */
		D76BA6DC1EC3FEF8003213B4 /* AppDelegate.swift in Sources */ = {isa = PBXBuildFile; fileRef = D76BA6DB1EC3FEF8003213B4 /* AppDelegate.swift */; };
		D76BA6DE1EC3FEF9003213B4 /* ViewController.swift in Sources */ = {isa = PBXBuildFile; fileRef = D76BA6DD1EC3FEF9003213B4 /* ViewController.swift */; };
		D76BA6E11EC3FEF9003213B4 /* Main.storyboard in Resources */ = {isa = PBXBuildFile; fileRef = D76BA6DF1EC3FEF9003213B4 /* Main.storyboard */; };
		D76BA6E31EC3FEF9003213B4 /* Assets.xcassets in Resources */ = {isa = PBXBuildFile; fileRef = D76BA6E21EC3FEF9003213B4 /* Assets.xcassets */; };
		D76BA6E61EC3FEF9003213B4 /* LaunchScreen.storyboard in Resources */ = {isa = PBXBuildFile; fileRef = D76BA6E41EC3FEF9003213B4 /* LaunchScreen.storyboard */; };
		D76BA6F11EC3FEF9003213B4 /* JYVedioPlayerTests.swift in Sources */ = {isa = PBXBuildFile; fileRef = D76BA6F01EC3FEF9003213B4 /* JYVedioPlayerTests.swift */; };
		D76BA6FC1EC3FEF9003213B4 /* JYVedioPlayerUITests.swift in Sources */ = {isa = PBXBuildFile; fileRef = D76BA6FB1EC3FEF9003213B4 /* JYVedioPlayerUITests.swift */; };
/* End PBXBuildFile section */

/* Begin PBXContainerItemProxy section */
		D76BA6ED1EC3FEF9003213B4 /* PBXContainerItemProxy */ = {
			isa = PBXContainerItemProxy;
			containerPortal = D76BA6D01EC3FEF8003213B4 /* Project object */;
			proxyType = 1;
			remoteGlobalIDString = D76BA6D71EC3FEF8003213B4;
			remoteInfo = JYVedioPlayer;
		};
		D76BA6F81EC3FEF9003213B4 /* PBXContainerItemProxy */ = {
			isa = PBXContainerItemProxy;
			containerPortal = D76BA6D01EC3FEF8003213B4 /* Project object */;
			proxyType = 1;
			remoteGlobalIDString = D76BA6D71EC3FEF8003213B4;
			remoteInfo = JYVedioPlayer;
		};
/* End PBXContainerItemProxy section */

/* Begin PBXFileReference section */
		D76BA6D81EC3FEF8003213B4 /* JYVedioPlayer.app */ = {isa = PBXFileReference; explicitFileType = wrapper.application; includeInIndex = 0; path = JYVedioPlayer.app; sourceTree = BUILT_PRODUCTS_DIR; };
		D76BA6DB1EC3FEF8003213B4 /* AppDelegate.swift */ = {isa = PBXFileReference; lastKnownFileType = sourcecode.swift; path = AppDelegate.swift; sourceTree = "<group>"; };
		D76BA6DD1EC3FEF9003213B4 /* ViewController.swift */ = {isa = PBXFileReference; lastKnownFileType = sourcecode.swift; path = ViewController.swift; sourceTree = "<group>"; };
		D76BA6E01EC3FEF9003213B4 /* Base */ = {isa = PBXFileReference; lastKnownFileType = file.storyboard; name = Base; path = Base.lproj/Main.storyboard; sourceTree = "<group>"; };
		D76BA6E21EC3FEF9003213B4 /* Assets.xcassets */ = {isa = PBXFileReference; lastKnownFileType = folder.assetcatalog; path = Assets.xcassets; sourceTree = "<group>"; };
		D76BA6E51EC3FEF9003213B4 /* Base */ = {isa = PBXFileReference; lastKnownFileType = file.storyboard; name = Base; path = Base.lproj/LaunchScreen.storyboard; sourceTree = "<group>"; };
		D76BA6E71EC3FEF9003213B4 /* Info.plist */ = {isa = PBXFileReference; lastKnownFileType = text.plist.xml; path = Info.plist; sourceTree = "<group>"; };
		D76BA6EC1EC3FEF9003213B4 /* JYVedioPlayerTests.xctest */ = {isa = PBXFileReference; explicitFileType = wrapper.cfbundle; includeInIndex = 0; path = JYVedioPlayerTests.xctest; sourceTree = BUILT_PRODUCTS_DIR; };
		D76BA6F01EC3FEF9003213B4 /* JYVedioPlayerTests.swift */ = {isa = PBXFileReference; lastKnownFileType = sourcecode.swift; path = JYVedioPlayerTests.swift; sourceTree = "<group>"; };
		D76BA6F21EC3FEF9003213B4 /* Info.plist */ = {isa = PBXFileReference; lastKnownFileType = text.plist.xml; path = Info.plist; sourceTree = "<group>"; };
		D76BA6F71EC3FEF9003213B4 /* JYVedioPlayerUITests.xctest */ = {isa = PBXFileReference; explicitFileType = wrapper.cfbundle; includeInIndex = 0; path = JYVedioPlayerUITests.xctest; sourceTree = BUILT_PRODUCTS_DIR; };
		D76BA6FB1EC3FEF9003213B4 /* JYVedioPlayerUITests.swift */ = {isa = PBXFileReference; lastKnownFileType = sourcecode.swift; path = JYVedioPlayerUITests.swift; sourceTree = "<group>"; };
		D76BA6FD1EC3FEF9003213B4 /* Info.plist */ = {isa = PBXFileReference; lastKnownFileType = text.plist.xml; path = Info.plist; sourceTree = "<group>"; };
/* End PBXFileReference section */

/* Begin PBXFrameworksBuildPhase section */
		D76BA6D51EC3FEF8003213B4 /* Frameworks */ = {
			isa = PBXFrameworksBuildPhase;
			buildActionMask = 2147483647;
			files = (
			);
			runOnlyForDeploymentPostprocessing = 0;
		};
		D76BA6E91EC3FEF9003213B4 /* Frameworks */ = {
			isa = PBXFrameworksBuildPhase;
			buildActionMask = 2147483647;
			files = (
			);
			runOnlyForDeploymentPostprocessing = 0;
		};
		D76BA6F41EC3FEF9003213B4 /* Frameworks */ = {
			isa = PBXFrameworksBuildPhase;
			buildActionMask = 2147483647;
			files = (
			);
			runOnlyForDeploymentPostprocessing = 0;
		};
/* End PBXFrameworksBuildPhase section */

/* Begin PBXGroup section */
		D76BA6CF1EC3FEF8003213B4 = {
			isa = PBXGroup;
			children = (
				D76BA6DA1EC3FEF8003213B4 /* JYVedioPlayer */,
				D76BA6EF1EC3FEF9003213B4 /* JYVedioPlayerTests */,
				D76BA6FA1EC3FEF9003213B4 /* JYVedioPlayerUITests */,
				D76BA6D91EC3FEF8003213B4 /* Products */,
			);
			sourceTree = "<group>";
		};
		D76BA6D91EC3FEF8003213B4 /* Products */ = {
			isa = PBXGroup;
			children = (
				D76BA6D81EC3FEF8003213B4 /* JYVedioPlayer.app */,
				D76BA6EC1EC3FEF9003213B4 /* JYVedioPlayerTests.xctest */,
				D76BA6F71EC3FEF9003213B4 /* JYVedioPlayerUITests.xctest */,
			);
			name = Products;
			sourceTree = "<group>";
		};
		D76BA6DA1EC3FEF8003213B4 /* JYVedioPlayer */ = {
			isa = PBXGroup;
			children = (
				D76BA6DB1EC3FEF8003213B4 /* AppDelegate.swift */,
				D76BA6DD1EC3FEF9003213B4 /* ViewController.swift */,
				D76BA6DF1EC3FEF9003213B4 /* Main.storyboard */,
				D76BA6E21EC3FEF9003213B4 /* Assets.xcassets */,
				D76BA6E41EC3FEF9003213B4 /* LaunchScreen.storyboard */,
				D76BA6E71EC3FEF9003213B4 /* Info.plist */,
			);
			path = JYVedioPlayer;
			sourceTree = "<group>";
		};
		D76BA6EF1EC3FEF9003213B4 /* JYVedioPlayerTests */ = {
			isa = PBXGroup;
			children = (
				D76BA6F01EC3FEF9003213B4 /* JYVedioPlayerTests.swift */,
				D76BA6F21EC3FEF9003213B4 /* Info.plist */,
			);
			path = JYVedioPlayerTests;
			sourceTree = "<group>";
		};
		D76BA6FA1EC3FEF9003213B4 /* JYVedioPlayerUITests */ = {
			isa = PBXGroup;
			children = (
				D76BA6FB1EC3FEF9003213B4 /* JYVedioPlayerUITests.swift */,
				D76BA6FD1EC3FEF9003213B4 /* Info.plist */,
			);
			path = JYVedioPlayerUITests;
			sourceTree = "<group>";
		};
/* End PBXGroup section */

/* Begin PBXNativeTarget section */
		D76BA6D71EC3FEF8003213B4 /* JYVedioPlayer */ = {
			isa = PBXNativeTarget;
			buildConfigurationList = D76BA7001EC3FEF9003213B4 /* Build configuration list for PBXNativeTarget "JYVedioPlayer" */;
			buildPhases = (
				D76BA6D41EC3FEF8003213B4 /* Sources */,
				D76BA6D51EC3FEF8003213B4 /* Frameworks */,
				D76BA6D61EC3FEF8003213B4 /* Resources */,
			);
			buildRules = (
			);
			dependencies = (
			);
			name = JYVedioPlayer;
			productName = JYVedioPlayer;
			productReference = D76BA6D81EC3FEF8003213B4 /* JYVedioPlayer.app */;
			productType = "com.apple.product-type.application";
		};
		D76BA6EB1EC3FEF9003213B4 /* JYVedioPlayerTests */ = {
			isa = PBXNativeTarget;
			buildConfigurationList = D76BA7031EC3FEF9003213B4 /* Build configuration list for PBXNativeTarget "JYVedioPlayerTests" */;
			buildPhases = (
				D76BA6E81EC3FEF9003213B4 /* Sources */,
				D76BA6E91EC3FEF9003213B4 /* Frameworks */,
				D76BA6EA1EC3FEF9003213B4 /* Resources */,
			);
			buildRules = (
			);
			dependencies = (
				D76BA6EE1EC3FEF9003213B4 /* PBXTargetDependency */,
			);
			name = JYVedioPlayerTests;
			productName = JYVedioPlayerTests;
			productReference = D76BA6EC1EC3FEF9003213B4 /* JYVedioPlayerTests.xctest */;
			productType = "com.apple.product-type.bundle.unit-test";
		};
		D76BA6F61EC3FEF9003213B4 /* JYVedioPlayerUITests */ = {
			isa = PBXNativeTarget;
			buildConfigurationList = D76BA7061EC3FEF9003213B4 /* Build configuration list for PBXNativeTarget "JYVedioPlayerUITests" */;
			buildPhases = (
				D76BA6F31EC3FEF9003213B4 /* Sources */,
				D76BA6F41EC3FEF9003213B4 /* Frameworks */,
				D76BA6F51EC3FEF9003213B4 /* Resources */,
			);
			buildRules = (
			);
			dependencies = (
				D76BA6F91EC3FEF9003213B4 /* PBXTargetDependency */,
			);
			name = JYVedioPlayerUITests;
			productName = JYVedioPlayerUITests;
			productReference = D76BA6F71EC3FEF9003213B4 /* JYVedioPlayerUITests.xctest */;
			productType = "com.apple.product-type.bundle.ui-testing";
		};
/* End PBXNativeTarget section */

/* Begin PBXProject section */
		D76BA6D01EC3FEF8003213B4 /* Project object */ = {
			isa = PBXProject;
			attributes = {
				LastSwiftUpdateCheck = 0830;
				LastUpgradeCheck = 0830;
				ORGANIZATIONNAME = "靳志远";
				TargetAttributes = {
					D76BA6D71EC3FEF8003213B4 = {
						CreatedOnToolsVersion = 8.3;
						DevelopmentTeam = Y2S2575EP7;
						ProvisioningStyle = Automatic;
					};
					D76BA6EB1EC3FEF9003213B4 = {
						CreatedOnToolsVersion = 8.3;
						DevelopmentTeam = Y2S2575EP7;
						ProvisioningStyle = Automatic;
						TestTargetID = D76BA6D71EC3FEF8003213B4;
					};
					D76BA6F61EC3FEF9003213B4 = {
						CreatedOnToolsVersion = 8.3;
						DevelopmentTeam = Y2S2575EP7;
						ProvisioningStyle = Automatic;
						TestTargetID = D76BA6D71EC3FEF8003213B4;
					};
				};
			};
			buildConfigurationList = D76BA6D31EC3FEF8003213B4 /* Build configuration list for PBXProject "JYVedioPlayer" */;
			compatibilityVersion = "Xcode 3.2";
			developmentRegion = English;
			hasScannedForEncodings = 0;
			knownRegions = (
				en,
				Base,
			);
			mainGroup = D76BA6CF1EC3FEF8003213B4;
			productRefGroup = D76BA6D91EC3FEF8003213B4 /* Products */;
			projectDirPath = "";
			projectRoot = "";
			targets = (
				D76BA6D71EC3FEF8003213B4 /* JYVedioPlayer */,
				D76BA6EB1EC3FEF9003213B4 /* JYVedioPlayerTests */,
				D76BA6F61EC3FEF9003213B4 /* JYVedioPlayerUITests */,
			);
		};
/* End PBXProject section */

/* Begin PBXResourcesBuildPhase section */
		D76BA6D61EC3FEF8003213B4 /* Resources */ = {
			isa = PBXResourcesBuildPhase;
			buildActionMask = 2147483647;
			files = (
				D76BA6E61EC3FEF9003213B4 /* LaunchScreen.storyboard in Resources */,
				D76BA6E31EC3FEF9003213B4 /* Assets.xcassets in Resources */,
				D76BA6E11EC3FEF9003213B4 /* Main.storyboard in Resources */,
			);
			runOnlyForDeploymentPostprocessing = 0;
		};
		D76BA6EA1EC3FEF9003213B4 /* Resources */ = {
			isa = PBXResourcesBuildPhase;
			buildActionMask = 2147483647;
			files = (
			);
			runOnlyForDeploymentPostprocessing = 0;
		};
		D76BA6F51EC3FEF9003213B4 /* Resources */ = {
			isa = PBXResourcesBuildPhase;
			buildActionMask = 2147483647;
			files = (
			);
			runOnlyForDeploymentPostprocessing = 0;
		};
/* End PBXResourcesBuildPhase section */

/* Begin PBXSourcesBuildPhase section */
		D76BA6D41EC3FEF8003213B4 /* Sources */ = {
			isa = PBXSourcesBuildPhase;
			buildActionMask = 2147483647;
			files = (
				D76BA6DE1EC3FEF9003213B4 /* ViewController.swift in Sources */,
				D76BA6DC1EC3FEF8003213B4 /* AppDelegate.swift in Sources */,
			);
			runOnlyForDeploymentPostprocessing = 0;
		};
		D76BA6E81EC3FEF9003213B4 /* Sources */ = {
			isa = PBXSourcesBuildPhase;
			buildActionMask = 2147483647;
			files = (
				D76BA6F11EC3FEF9003213B4 /* JYVedioPlayerTests.swift in Sources */,
			);
			runOnlyForDeploymentPostprocessing = 0;
		};
		D76BA6F31EC3FEF9003213B4 /* Sources */ = {
			isa = PBXSourcesBuildPhase;
			buildActionMask = 2147483647;
			files = (
				D76BA6FC1EC3FEF9003213B4 /* JYVedioPlayerUITests.swift in Sources */,
			);
			runOnlyForDeploymentPostprocessing = 0;
		};
/* End PBXSourcesBuildPhase section */

/* Begin PBXTargetDependency section */
		D76BA6EE1EC3FEF9003213B4 /* PBXTargetDependency */ = {
			isa = PBXTargetDependency;
			target = D76BA6D71EC3FEF8003213B4 /* JYVedioPlayer */;
			targetProxy = D76BA6ED1EC3FEF9003213B4 /* PBXContainerItemProxy */;
		};
		D76BA6F91EC3FEF9003213B4 /* PBXTargetDependency */ = {
			isa = PBXTargetDependency;
			target = D76BA6D71EC3FEF8003213B4 /* JYVedioPlayer */;
			targetProxy = D76BA6F81EC3FEF9003213B4 /* PBXContainerItemProxy */;
		};
/* End PBXTargetDependency section */

/* Begin PBXVariantGroup section */
		D76BA6DF1EC3FEF9003213B4 /* Main.storyboard */ = {
			isa = PBXVariantGroup;
			children = (
				D76BA6E01EC3FEF9003213B4 /* Base */,
			);
			name = Main.storyboard;
			sourceTree = "<group>";
		};
		D76BA6E41EC3FEF9003213B4 /* LaunchScreen.storyboard */ = {
			isa = PBXVariantGroup;
			children = (
				D76BA6E51EC3FEF9003213B4 /* Base */,
			);
			name = LaunchScreen.storyboard;
			sourceTree = "<group>";
		};
/* End PBXVariantGroup section */

/* Begin XCBuildConfiguration section */
		D76BA6FE1EC3FEF9003213B4 /* Debug */ = {
			isa = XCBuildConfiguration;
			buildSettings = {
				ALWAYS_SEARCH_USER_PATHS = NO;
				CLANG_ANALYZER_NONNULL = YES;
				CLANG_ANALYZER_NUMBER_OBJECT_CONVERSION = YES_AGGRESSIVE;
				CLANG_CXX_LANGUAGE_STANDARD = "gnu++0x";
				CLANG_CXX_LIBRARY = "libc++";
				CLANG_ENABLE_MODULES = YES;
				CLANG_ENABLE_OBJC_ARC = YES;
				CLANG_WARN_BOOL_CONVERSION = YES;
				CLANG_WARN_CONSTANT_CONVERSION = YES;
				CLANG_WARN_DIRECT_OBJC_ISA_USAGE = YES_ERROR;
				CLANG_WARN_DOCUMENTATION_COMMENTS = YES;
				CLANG_WARN_EMPTY_BODY = YES;
				CLANG_WARN_ENUM_CONVERSION = YES;
				CLANG_WARN_INFINITE_RECURSION = YES;
				CLANG_WARN_INT_CONVERSION = YES;
				CLANG_WARN_OBJC_ROOT_CLASS = YES_ERROR;
				CLANG_WARN_SUSPICIOUS_MOVE = YES;
				CLANG_WARN_UNREACHABLE_CODE = YES;
				CLANG_WARN__DUPLICATE_METHOD_MATCH = YES;
				"CODE_SIGN_IDENTITY[sdk=iphoneos*]" = "iPhone Developer";
				COPY_PHASE_STRIP = NO;
				DEBUG_INFORMATION_FORMAT = dwarf;
				ENABLE_STRICT_OBJC_MSGSEND = YES;
				ENABLE_TESTABILITY = YES;
				GCC_C_LANGUAGE_STANDARD = gnu99;
				GCC_DYNAMIC_NO_PIC = NO;
				GCC_NO_COMMON_BLOCKS = YES;
				GCC_OPTIMIZATION_LEVEL = 0;
				GCC_PREPROCESSOR_DEFINITIONS = (
					"DEBUG=1",
					"$(inherited)",
				);
				GCC_WARN_64_TO_32_BIT_CONVERSION = YES;
				GCC_WARN_ABOUT_RETURN_TYPE = YES_ERROR;
				GCC_WARN_UNDECLARED_SELECTOR = YES;
				GCC_WARN_UNINITIALIZED_AUTOS = YES_AGGRESSIVE;
				GCC_WARN_UNUSED_FUNCTION = YES;
				GCC_WARN_UNUSED_VARIABLE = YES;
				IPHONEOS_DEPLOYMENT_TARGET = 10.3;
				MTL_ENABLE_DEBUG_INFO = YES;
				ONLY_ACTIVE_ARCH = YES;
				SDKROOT = iphoneos;
				SWIFT_ACTIVE_COMPILATION_CONDITIONS = DEBUG;
				SWIFT_OPTIMIZATION_LEVEL = "-Onone";
				TARGETED_DEVICE_FAMILY = "1,2";
			};
			name = Debug;
		};
		D76BA6FF1EC3FEF9003213B4 /* Release */ = {
			isa = XCBuildConfiguration;
			buildSettings = {
				ALWAYS_SEARCH_USER_PATHS = NO;
				CLANG_ANALYZER_NONNULL = YES;
				CLANG_ANALYZER_NUMBER_OBJECT_CONVERSION = YES_AGGRESSIVE;
				CLANG_CXX_LANGUAGE_STANDARD = "gnu++0x";
				CLANG_CXX_LIBRARY = "libc++";
				CLANG_ENABLE_MODULES = YES;
				CLANG_ENABLE_OBJC_ARC = YES;
				CLANG_WARN_BOOL_CONVERSION = YES;
				CLANG_WARN_CONSTANT_CONVERSION = YES;
				CLANG_WARN_DIRECT_OBJC_ISA_USAGE = YES_ERROR;
				CLANG_WARN_DOCUMENTATION_COMMENTS = YES;
				CLANG_WARN_EMPTY_BODY = YES;
				CLANG_WARN_ENUM_CONVERSION = YES;
				CLANG_WARN_INFINITE_RECURSION = YES;
				CLANG_WARN_INT_CONVERSION = YES;
				CLANG_WARN_OBJC_ROOT_CLASS = YES_ERROR;
				CLANG_WARN_SUSPICIOUS_MOVE = YES;
				CLANG_WARN_UNREACHABLE_CODE = YES;
				CLANG_WARN__DUPLICATE_METHOD_MATCH = YES;
				"CODE_SIGN_IDENTITY[sdk=iphoneos*]" = "iPhone Developer";
				COPY_PHASE_STRIP = NO;
				DEBUG_INFORMATION_FORMAT = "dwarf-with-dsym";
				ENABLE_NS_ASSERTIONS = NO;
				ENABLE_STRICT_OBJC_MSGSEND = YES;
				GCC_C_LANGUAGE_STANDARD = gnu99;
				GCC_NO_COMMON_BLOCKS = YES;
				GCC_WARN_64_TO_32_BIT_CONVERSION = YES;
				GCC_WARN_ABOUT_RETURN_TYPE = YES_ERROR;
				GCC_WARN_UNDECLARED_SELECTOR = YES;
				GCC_WARN_UNINITIALIZED_AUTOS = YES_AGGRESSIVE;
				GCC_WARN_UNUSED_FUNCTION = YES;
				GCC_WARN_UNUSED_VARIABLE = YES;
				IPHONEOS_DEPLOYMENT_TARGET = 10.3;
				MTL_ENABLE_DEBUG_INFO = NO;
				SDKROOT = iphoneos;
				SWIFT_OPTIMIZATION_LEVEL = "-Owholemodule";
				TARGETED_DEVICE_FAMILY = "1,2";
				VALIDATE_PRODUCT = YES;
			};
			name = Release;
		};
		D76BA7011EC3FEF9003213B4 /* Debug */ = {
			isa = XCBuildConfiguration;
			buildSettings = {
				ASSETCATALOG_COMPILER_APPICON_NAME = AppIcon;
				DEVELOPMENT_TEAM = Y2S2575EP7;
				INFOPLIST_FILE = JYVedioPlayer/Info.plist;
				LD_RUNPATH_SEARCH_PATHS = "$(inherited) @executable_path/Frameworks";
				PRODUCT_BUNDLE_IDENTIFIER = "-2345.JYVedioPlayer";
				PRODUCT_NAME = "$(TARGET_NAME)";
				SWIFT_VERSION = 3.0;
			};
			name = Debug;
		};
		D76BA7021EC3FEF9003213B4 /* Release */ = {
			isa = XCBuildConfiguration;
			buildSettings = {
				ASSETCATALOG_COMPILER_APPICON_NAME = AppIcon;
				DEVELOPMENT_TEAM = Y2S2575EP7;
				INFOPLIST_FILE = JYVedioPlayer/Info.plist;
				LD_RUNPATH_SEARCH_PATHS = "$(inherited) @executable_path/Frameworks";
				PRODUCT_BUNDLE_IDENTIFIER = "-2345.JYVedioPlayer";
				PRODUCT_NAME = "$(TARGET_NAME)";
				SWIFT_VERSION = 3.0;
			};
			name = Release;
		};
		D76BA7041EC3FEF9003213B4 /* Debug */ = {
			isa = XCBuildConfiguration;
			buildSettings = {
				ALWAYS_EMBED_SWIFT_STANDARD_LIBRARIES = YES;
				BUNDLE_LOADER = "$(TEST_HOST)";
				DEVELOPMENT_TEAM = Y2S2575EP7;
				INFOPLIST_FILE = JYVedioPlayerTests/Info.plist;
				LD_RUNPATH_SEARCH_PATHS = "$(inherited) @executable_path/Frameworks @loader_path/Frameworks";
				PRODUCT_BUNDLE_IDENTIFIER = "-2345.JYVedioPlayerTests";
				PRODUCT_NAME = "$(TARGET_NAME)";
				SWIFT_VERSION = 3.0;
				TEST_HOST = "$(BUILT_PRODUCTS_DIR)/JYVedioPlayer.app/JYVedioPlayer";
			};
			name = Debug;
		};
		D76BA7051EC3FEF9003213B4 /* Release */ = {
			isa = XCBuildConfiguration;
			buildSettings = {
				ALWAYS_EMBED_SWIFT_STANDARD_LIBRARIES = YES;
				BUNDLE_LOADER = "$(TEST_HOST)";
				DEVELOPMENT_TEAM = Y2S2575EP7;
				INFOPLIST_FILE = JYVedioPlayerTests/Info.plist;
				LD_RUNPATH_SEARCH_PATHS = "$(inherited) @executable_path/Frameworks @loader_path/Frameworks";
				PRODUCT_BUNDLE_IDENTIFIER = "-2345.JYVedioPlayerTests";
				PRODUCT_NAME = "$(TARGET_NAME)";
				SWIFT_VERSION = 3.0;
				TEST_HOST = "$(BUILT_PRODUCTS_DIR)/JYVedioPlayer.app/JYVedioPlayer";
			};
			name = Release;
		};
		D76BA7071EC3FEF9003213B4 /* Debug */ = {
			isa = XCBuildConfiguration;
			buildSettings = {
				ALWAYS_EMBED_SWIFT_STANDARD_LIBRARIES = YES;
				DEVELOPMENT_TEAM = Y2S2575EP7;
				INFOPLIST_FILE = JYVedioPlayerUITests/Info.plist;
				LD_RUNPATH_SEARCH_PATHS = "$(inherited) @executable_path/Frameworks @loader_path/Frameworks";
				PRODUCT_BUNDLE_IDENTIFIER = "-2345.JYVedioPlayerUITests";
				PRODUCT_NAME = "$(TARGET_NAME)";
				SWIFT_VERSION = 3.0;
				TEST_TARGET_NAME = JYVedioPlayer;
			};
			name = Debug;
		};
		D76BA7081EC3FEF9003213B4 /* Release */ = {
			isa = XCBuildConfiguration;
			buildSettings = {
				ALWAYS_EMBED_SWIFT_STANDARD_LIBRARIES = YES;
				DEVELOPMENT_TEAM = Y2S2575EP7;
				INFOPLIST_FILE = JYVedioPlayerUITests/Info.plist;
				LD_RUNPATH_SEARCH_PATHS = "$(inherited) @executable_path/Frameworks @loader_path/Frameworks";
				PRODUCT_BUNDLE_IDENTIFIER = "-2345.JYVedioPlayerUITests";
				PRODUCT_NAME = "$(TARGET_NAME)";
				SWIFT_VERSION = 3.0;
				TEST_TARGET_NAME = JYVedioPlayer;
			};
			name = Release;
		};
/* End XCBuildConfiguration section */

/* Begin XCConfigurationList section */
		D76BA6D31EC3FEF8003213B4 /* Build configuration list for PBXProject "JYVedioPlayer" */ = {
			isa = XCConfigurationList;
			buildConfigurations = (
				D76BA6FE1EC3FEF9003213B4 /* Debug */,
				D76BA6FF1EC3FEF9003213B4 /* Release */,
			);
			defaultConfigurationIsVisible = 0;
			defaultConfigurationName = Release;
		};
		D76BA7001EC3FEF9003213B4 /* Build configuration list for PBXNativeTarget "JYVedioPlayer" */ = {
			isa = XCConfigurationList;
			buildConfigurations = (
				D76BA7011EC3FEF9003213B4 /* Debug */,
				D76BA7021EC3FEF9003213B4 /* Release */,
			);
			defaultConfigurationIsVisible = 0;
		};
		D76BA7031EC3FEF9003213B4 /* Build configuration list for PBXNativeTarget "JYVedioPlayerTests" */ = {
			isa = XCConfigurationList;
			buildConfigurations = (
				D76BA7041EC3FEF9003213B4 /* Debug */,
				D76BA7051EC3FEF9003213B4 /* Release */,
			);
			defaultConfigurationIsVisible = 0;
		};
		D76BA7061EC3FEF9003213B4 /* Build configuration list for PBXNativeTarget "JYVedioPlayerUITests" */ = {
			isa = XCConfigurationList;
			buildConfigurations = (
				D76BA7071EC3FEF9003213B4 /* Debug */,
				D76BA7081EC3FEF9003213B4 /* Release */,
			);
			defaultConfigurationIsVisible = 0;
		};
/* End XCConfigurationList section */
	};
	rootObject = D76BA6D01EC3FEF8003213B4 /* Project object */;
}
